# @generated - this file is auto-generated by `mise lock` https://mise.en.dev/dev-tools/mise-lock.html

[[tools.actionlint]]
version = "1.7.12"
backend = "aqua:rhysd/actionlint"

[tools.actionlint."platforms.linux-arm64"]
checksum = "sha256:325e971b6ba9bfa504672e29be93c24981eeb1c07576d730e9f7c8805afff0c6"
url = "https://github.com/rhysd/actionlint/releases/download/v1.7.12/actionlint_1.7.12_linux_arm64.tar.gz"
url_api = "https://api.github.com/repos/rhysd/actionlint/releases/assets/384924897"
provenance = "github-attestations"

[tools.actionlint."platforms.linux-arm64-musl"]
checksum = "sha256:325e971b6ba9bfa504672e29be93c24981eeb1c07576d730e9f7c8805afff0c6"
url = "https://github.com/rhysd/actionlint/releases/download/v1.7.12/actionlint_1.7.12_linux_arm64.tar.gz"
url_api = "https://api.github.com/repos/rhysd/actionlint/releases/assets/384924897"
provenance = "github-attestations"

[tools.actionlint."platforms.linux-x64"]
checksum = "sha256:8aca8db96f1b94770f1b0d72b6dddcb1ebb8123cb3712530b08cc387b349a3d8"
url = "https://github.com/rhysd/actionlint/releases/download/v1.7.12/actionlint_1.7.12_linux_amd64.tar.gz"
url_api = "https://api.github.com/repos/rhysd/actionlint/releases/assets/384924896"
provenance = "github-attestations"

[tools.actionlint."platforms.linux-x64-baseline"]
checksum = "sha256:8aca8db96f1b94770f1b0d72b6dddcb1ebb8123cb3712530b08cc387b349a3d8"
url = "https://github.com/rhysd/actionlint/releases/download/v1.7.12/actionlint_1.7.12_linux_amd64.tar.gz"
url_api = "https://api.github.com/repos/rhysd/actionlint/releases/assets/384924896"
provenance = "github-attestations"

[tools.actionlint."platforms.linux-x64-musl"]
checksum = "sha256:8aca8db96f1b94770f1b0d72b6dddcb1ebb8123cb3712530b08cc387b349a3d8"
url = "https://github.com/rhysd/actionlint/releases/download/v1.7.12/actionlint_1.7.12_linux_amd64.tar.gz"
url_api = "https://api.github.com/repos/rhysd/actionlint/releases/assets/384924896"
provenance = "github-attestations"

[tools.actionlint."platforms.linux-x64-musl-baseline"]
checksum = "sha256:8aca8db96f1b94770f1b0d72b6dddcb1ebb8123cb3712530b08cc387b349a3d8"
url = "https://github.com/rhysd/actionlint/releases/download/v1.7.12/actionlint_1.7.12_linux_amd64.tar.gz"
url_api = "https://api.github.com/repos/rhysd/actionlint/releases/assets/384924896"
provenance = "github-attestations"

[tools.actionlint."platforms.macos-arm64"]
checksum = "sha256:aba9ced2dee8d27fecca3dc7feb1a7f9a52caefa1eb46f3271ea66b6e0e6953f"
url = "https://github.com/rhysd/actionlint/releases/download/v1.7.12/actionlint_1.7.12_darwin_arm64.tar.gz"
url_api = "https://api.github.com/repos/rhysd/actionlint/releases/assets/384924893"
provenance = "github-attestations"

[tools.actionlint."platforms.macos-x64"]
checksum = "sha256:5b44c3bc2255115c9b69e30efc0fecdf498fdb63c5d58e17084fd5f16324c644"
url = "https://github.com/rhysd/actionlint/releases/download/v1.7.12/actionlint_1.7.12_darwin_amd64.tar.gz"
url_api = "https://api.github.com/repos/rhysd/actionlint/releases/assets/384924880"
provenance = "github-attestations"

[tools.actionlint."platforms.windows-x64"]
checksum = "sha256:6e7241b51e6817ea6a047693d8e6fed13b31819c9a0dd6c5a726e1592d22f6e9"
url = "https://github.com/rhysd/actionlint/releases/download/v1.7.12/actionlint_1.7.12_windows_amd64.zip"
url_api = "https://api.github.com/repos/rhysd/actionlint/releases/assets/384924919"
provenance = "github-attestations"

[tools.actionlint."platforms.windows-x64-baseline"]
checksum = "sha256:6e7241b51e6817ea6a047693d8e6fed13b31819c9a0dd6c5a726e1592d22f6e9"
url = "https://github.com/rhysd/actionlint/releases/download/v1.7.12/actionlint_1.7.12_windows_amd64.zip"
url_api = "https://api.github.com/repos/rhysd/actionlint/releases/assets/384924919"
provenance = "github-attestations"

[[tools.aube]]
version = "1.41.0"
backend = "aqua:jdx/aube"

[tools.aube."platforms.linux-arm64"]
checksum = "sha256:012b0da68e9e285aee1564178b2a668f4d79eac9b40868112674ff03c2cdfe22"
url = "https://github.com/jdx/aube/releases/download/v1.41.0/aube-v1.41.0-aarch64-unknown-linux-gnu.tar.gz"
url_api = "https://api.github.com/repos/jdx/aube/releases/assets/517186261"
provenance = "github-attestations"

[tools.aube."platforms.linux-arm64-musl"]
checksum = "sha256:5a2e5afb02759abad7f56e083c7e2fa2b0ae841f3669cbcf5add42ca5846821f"
url = "https://github.com/jdx/aube/releases/download/v1.41.0/aube-v1.41.0-aarch64-unknown-linux-musl.tar.gz"
url_api = "https://api.github.com/repos/jdx/aube/releases/assets/517161124"
provenance = "github-attestations"

[tools.aube."platforms.linux-x64"]
checksum = "sha256:965ae6a487c3e280206afb93649e721387dbbba168567f02e2fa5c797c450c2b"
url = "https://github.com/jdx/aube/releases/download/v1.41.0/aube-v1.41.0-x86_64-unknown-linux-gnu.tar.gz"
url_api = "https://api.github.com/repos/jdx/aube/releases/assets/517166989"
provenance = "github-attestations"

[tools.aube."platforms.linux-x64-baseline"]
checksum = "sha256:965ae6a487c3e280206afb93649e721387dbbba168567f02e2fa5c797c450c2b"
url = "https://github.com/jdx/aube/releases/download/v1.41.0/aube-v1.41.0-x86_64-unknown-linux-gnu.tar.gz"
url_api = "https://api.github.com/repos/jdx/aube/releases/assets/517166989"
provenance = "github-attestations"

[tools.aube."platforms.linux-x64-musl"]
checksum = "sha256:7955ddee163f64e9e4348200bb777c0f83fa596410de75e1ea5dd43d4b3fe7f1"
url = "https://github.com/jdx/aube/releases/download/v1.41.0/aube-v1.41.0-x86_64-unknown-linux-musl.tar.gz"
url_api = "https://api.github.com/repos/jdx/aube/releases/assets/517165326"
provenance = "github-attestations"

[tools.aube."platforms.linux-x64-musl-baseline"]
checksum = "sha256:7955ddee163f64e9e4348200bb777c0f83fa596410de75e1ea5dd43d4b3fe7f1"
url = "https://github.com/jdx/aube/releases/download/v1.41.0/aube-v1.41.0-x86_64-unknown-linux-musl.tar.gz"
url_api = "https://api.github.com/repos/jdx/aube/releases/assets/517165326"
provenance = "github-attestations"

[tools.aube."platforms.macos-arm64"]
checksum = "sha256:635720a45125b3cc8afb2979c9a18ed484deecfc91938e9d941e278f529e87e1"
url = "https://github.com/jdx/aube/releases/download/v1.41.0/aube-v1.41.0-aarch64-apple-darwin.tar.gz"
url_api = "https://api.github.com/repos/jdx/aube/releases/assets/517208780"
provenance = "github-attestations"

[tools.aube."platforms.windows-x64"]
checksum = "sha256:03e4d130262219c86d729001c3fc8c502198c60578360a4e8fba29a9564b89a4"
url = "https://github.com/jdx/aube/releases/download/v1.41.0/aube-v1.41.0-x86_64-pc-windows-msvc.zip"
url_api = "https://api.github.com/repos/jdx/aube/releases/assets/517175467"
provenance = "github-attestations"

[tools.aube."platforms.windows-x64-baseline"]
checksum = "sha256:03e4d130262219c86d729001c3fc8c502198c60578360a4e8fba29a9564b89a4"
url = "https://github.com/jdx/aube/releases/download/v1.41.0/aube-v1.41.0-x86_64-pc-windows-msvc.zip"
url_api = "https://api.github.com/repos/jdx/aube/releases/assets/517175467"
provenance = "github-attestations"

[[tools.betterleaks]]
version = "1.8.1"
backend = "aqua:betterleaks/betterleaks"

[tools.betterleaks."platforms.linux-arm64"]
checksum = "sha256:bbb578b12a2f65d7082ab436abf37724232bc71d8a078e3c41336574420f1b48"
url = "https://github.com/betterleaks/betterleaks/releases/download/v1.8.1/betterleaks_1.8.1_linux_arm64.tar.gz"
url_api = "https://api.github.com/repos/betterleaks/betterleaks/releases/assets/519981771"
provenance = "cosign"

[tools.betterleaks."platforms.linux-arm64-musl"]
checksum = "sha256:bbb578b12a2f65d7082ab436abf37724232bc71d8a078e3c41336574420f1b48"
url = "https://github.com/betterleaks/betterleaks/releases/download/v1.8.1/betterleaks_1.8.1_linux_arm64.tar.gz"
url_api = "https://api.github.com/repos/betterleaks/betterleaks/releases/assets/519981771"
provenance = "cosign"

[tools.betterleaks."platforms.linux-x64"]
checksum = "sha256:efa407244e1ea8e35f582b8a42becdeac08bdead04f68eb752adda722d583c2a"
url = "https://github.com/betterleaks/betterleaks/releases/download/v1.8.1/betterleaks_1.8.1_linux_x64.tar.gz"
url_api = "https://api.github.com/repos/betterleaks/betterleaks/releases/assets/519981768"
provenance = "cosign"

[tools.betterleaks."platforms.linux-x64-baseline"]
checksum = "sha256:efa407244e1ea8e35f582b8a42becdeac08bdead04f68eb752adda722d583c2a"
url = "https://github.com/betterleaks/betterleaks/releases/download/v1.8.1/betterleaks_1.8.1_linux_x64.tar.gz"
url_api = "https://api.github.com/repos/betterleaks/betterleaks/releases/assets/519981768"
provenance = "cosign"

[tools.betterleaks."platforms.linux-x64-musl"]
checksum = "sha256:efa407244e1ea8e35f582b8a42becdeac08bdead04f68eb752adda722d583c2a"
url = "https://github.com/betterleaks/betterleaks/releases/download/v1.8.1/betterleaks_1.8.1_linux_x64.tar.gz"
url_api = "https://api.github.com/repos/betterleaks/betterleaks/releases/assets/519981768"
provenance = "cosign"

[tools.betterleaks."platforms.linux-x64-musl-baseline"]
checksum = "sha256:efa407244e1ea8e35f582b8a42becdeac08bdead04f68eb752adda722d583c2a"
url = "https://github.com/betterleaks/betterleaks/releases/download/v1.8.1/betterleaks_1.8.1_linux_x64.tar.gz"
url_api = "https://api.github.com/repos/betterleaks/betterleaks/releases/assets/519981768"
provenance = "cosign"

[tools.betterleaks."platforms.macos-arm64"]
checksum = "sha256:8e80f33b5f2a7426b390347b9fd466033723cb94b6bdffa7572632e2eaec964e"
url = "https://github.com/betterleaks/betterleaks/releases/download/v1.8.1/betterleaks_1.8.1_darwin_arm64.tar.gz"
url_api = "https://api.github.com/repos/betterleaks/betterleaks/releases/assets/519981770"
provenance = "cosign"

[tools.betterleaks."platforms.macos-x64"]
checksum = "sha256:6abc37df76f881cffae406aa2cec72bea6e6ae64b4e771b3ed21b4aac472ed10"
url = "https://github.com/betterleaks/betterleaks/releases/download/v1.8.1/betterleaks_1.8.1_darwin_x64.tar.gz"
url_api = "https://api.github.com/repos/betterleaks/betterleaks/releases/assets/519981772"
provenance = "cosign"

[tools.betterleaks."platforms.windows-x64"]
checksum = "sha256:94310d028285a1bcce7f160bc19eb62f87de6460c95bfd4319151ef5b501ed3f"
url = "https://github.com/betterleaks/betterleaks/releases/download/v1.8.1/betterleaks_1.8.1_windows_x64.zip"
url_api = "https://api.github.com/repos/betterleaks/betterleaks/releases/assets/519981798"
provenance = "cosign"

[tools.betterleaks."platforms.windows-x64-baseline"]
checksum = "sha256:94310d028285a1bcce7f160bc19eb62f87de6460c95bfd4319151ef5b501ed3f"
url = "https://github.com/betterleaks/betterleaks/releases/download/v1.8.1/betterleaks_1.8.1_windows_x64.zip"
url_api = "https://api.github.com/repos/betterleaks/betterleaks/releases/assets/519981798"
provenance = "cosign"

[[tools."github:suzuki-shunsuke/nllint"]]
version = "1.2.0"
backend = "github:suzuki-shunsuke/nllint"

[tools."github:suzuki-shunsuke/nllint"."platforms.linux-arm64"]
checksum = "sha256:2a1acc20503265564ac8ce230a81ff989e03505432e30da9b24a771fe7d8eef3"
url = "https://github.com/suzuki-shunsuke/nllint/releases/download/v1.2.0/nllint_linux_arm64.tar.gz"
url_api = "https://api.github.com/repos/suzuki-shunsuke/nllint/releases/assets/473956947"
provenance = "github-attestations"

[tools."github:suzuki-shunsuke/nllint"."platforms.linux-arm64-musl"]
checksum = "sha256:2a1acc20503265564ac8ce230a81ff989e03505432e30da9b24a771fe7d8eef3"
url = "https://github.com/suzuki-shunsuke/nllint/releases/download/v1.2.0/nllint_linux_arm64.tar.gz"
url_api = "https://api.github.com/repos/suzuki-shunsuke/nllint/releases/assets/473956947"
provenance = "github-attestations"

[tools."github:suzuki-shunsuke/nllint"."platforms.linux-x64"]
checksum = "sha256:e5d885845fa6a36c5984c15e8dc6988aa8ea49683b999cb797ed87a9196b99ef"
url = "https://github.com/suzuki-shunsuke/nllint/releases/download/v1.2.0/nllint_linux_amd64.tar.gz"
url_api = "https://api.github.com/repos/suzuki-shunsuke/nllint/releases/assets/473956944"
provenance = "github-attestations"
provenance_verified = true

[tools."github:suzuki-shunsuke/nllint"."platforms.linux-x64-baseline"]
checksum = "sha256:e5d885845fa6a36c5984c15e8dc6988aa8ea49683b999cb797ed87a9196b99ef"
url = "https://github.com/suzuki-shunsuke/nllint/releases/download/v1.2.0/nllint_linux_amd64.tar.gz"
url_api = "https://api.github.com/repos/suzuki-shunsuke/nllint/releases/assets/473956944"
provenance = "github-attestations"

[tools."github:suzuki-shunsuke/nllint"."platforms.linux-x64-musl"]
checksum = "sha256:e5d885845fa6a36c5984c15e8dc6988aa8ea49683b999cb797ed87a9196b99ef"
url = "https://github.com/suzuki-shunsuke/nllint/releases/download/v1.2.0/nllint_linux_amd64.tar.gz"
url_api = "https://api.github.com/repos/suzuki-shunsuke/nllint/releases/assets/473956944"
provenance = "github-attestations"

[tools."github:suzuki-shunsuke/nllint"."platforms.linux-x64-musl-baseline"]
checksum = "sha256:e5d885845fa6a36c5984c15e8dc6988aa8ea49683b999cb797ed87a9196b99ef"
url = "https://github.com/suzuki-shunsuke/nllint/releases/download/v1.2.0/nllint_linux_amd64.tar.gz"
url_api = "https://api.github.com/repos/suzuki-shunsuke/nllint/releases/assets/473956944"
provenance = "github-attestations"

[tools."github:suzuki-shunsuke/nllint"."platforms.macos-arm64"]
checksum = "sha256:bff59ef81786e8d9caee953854c803563d7d880dbc748885064445d1443725df"
url = "https://github.com/suzuki-shunsuke/nllint/releases/download/v1.2.0/nllint_darwin_arm64.tar.gz"
url_api = "https://api.github.com/repos/suzuki-shunsuke/nllint/releases/assets/473956943"
provenance = "github-attestations"

[tools."github:suzuki-shunsuke/nllint"."platforms.macos-x64"]
checksum = "sha256:0d9a6cd52f337f597e3c06bf29bdae55bbe58be2447e1d7cc2818da10336626c"
url = "https://github.com/suzuki-shunsuke/nllint/releases/download/v1.2.0/nllint_darwin_amd64.tar.gz"
url_api = "https://api.github.com/repos/suzuki-shunsuke/nllint/releases/assets/473956933"
provenance = "github-attestations"

[tools."github:suzuki-shunsuke/nllint"."platforms.windows-x64"]
checksum = "sha256:896a1d33cfcfca4b59ae2d6d7a3ad25e881c7711e82cf303d391fdbb74061f87"
url = "https://github.com/suzuki-shunsuke/nllint/releases/download/v1.2.0/nllint_windows_amd64.zip"
url_api = "https://api.github.com/repos/suzuki-shunsuke/nllint/releases/assets/473956950"
provenance = "github-attestations"

[tools."github:suzuki-shunsuke/nllint"."platforms.windows-x64-baseline"]
checksum = "sha256:896a1d33cfcfca4b59ae2d6d7a3ad25e881c7711e82cf303d391fdbb74061f87"
url = "https://github.com/suzuki-shunsuke/nllint/releases/download/v1.2.0/nllint_windows_amd64.zip"
url_api = "https://api.github.com/repos/suzuki-shunsuke/nllint/releases/assets/473956950"
provenance = "github-attestations"

[[tools.hk]]
version = "1.56.1"
backend = "aqua:jdx/hk"

[tools.hk."platforms.linux-arm64"]
checksum = "sha256:cd671706a273dac35b012fd585a0fba1b0c0f340558dccfd4c9a4b976a794597"
url = "https://github.com/jdx/hk/releases/download/v1.56.1/hk-aarch64-unknown-linux-gnu.tar.gz"
url_api = "https://api.github.com/repos/jdx/hk/releases/assets/525632120"

[tools.hk."platforms.linux-arm64-musl"]
checksum = "sha256:5feac3cfcdae33227197d0104832b91a5d293733320632c3c19f864866a6c8ce"
url = "https://github.com/jdx/hk/releases/download/v1.56.1/hk-aarch64-unknown-linux-musl.tar.gz"
url_api = "https://api.github.com/repos/jdx/hk/releases/assets/525632119"

[tools.hk."platforms.linux-x64"]
checksum = "sha256:67157431e36bb523213d8361a9f59b6eb718f80ae8534827849552b3c6c92a04"
url = "https://github.com/jdx/hk/releases/download/v1.56.1/hk-x86_64-unknown-linux-gnu.tar.gz"
url_api = "https://api.github.com/repos/jdx/hk/releases/assets/525632131"

[tools.hk."platforms.linux-x64-baseline"]
checksum = "sha256:67157431e36bb523213d8361a9f59b6eb718f80ae8534827849552b3c6c92a04"
url = "https://github.com/jdx/hk/releases/download/v1.56.1/hk-x86_64-unknown-linux-gnu.tar.gz"
url_api = "https://api.github.com/repos/jdx/hk/releases/assets/525632131"

[tools.hk."platforms.linux-x64-musl"]
checksum = "sha256:e7435c1aec98f60d98712da3231541987ac67c017c001f767c0f37bd517cfe43"
url = "https://github.com/jdx/hk/releases/download/v1.56.1/hk-x86_64-unknown-linux-musl.tar.gz"
url_api = "https://api.github.com/repos/jdx/hk/releases/assets/525632133"

[tools.hk."platforms.linux-x64-musl-baseline"]
checksum = "sha256:e7435c1aec98f60d98712da3231541987ac67c017c001f767c0f37bd517cfe43"
url = "https://github.com/jdx/hk/releases/download/v1.56.1/hk-x86_64-unknown-linux-musl.tar.gz"
url_api = "https://api.github.com/repos/jdx/hk/releases/assets/525632133"

[tools.hk."platforms.macos-arm64"]
checksum = "sha256:f8400a1427e66f1b968e58568115a2138b5d0fe88e0561b97d3822648b7e35ea"
url = "https://github.com/jdx/hk/releases/download/v1.56.1/hk-aarch64-apple-darwin.tar.gz"
url_api = "https://api.github.com/repos/jdx/hk/releases/assets/525632123"

[tools.hk."platforms.windows-x64"]
checksum = "sha256:4ccf353e484997dd4975361b6433f3b2661f5db614f2b382cddcac7eaa74a604"
url = "https://github.com/jdx/hk/releases/download/v1.56.1/hk-x86_64-pc-windows-msvc.zip"
url_api = "https://api.github.com/repos/jdx/hk/releases/assets/525632118"

[tools.hk."platforms.windows-x64-baseline"]
checksum = "sha256:4ccf353e484997dd4975361b6433f3b2661f5db614f2b382cddcac7eaa74a604"
url = "https://github.com/jdx/hk/releases/download/v1.56.1/hk-x86_64-pc-windows-msvc.zip"
url_api = "https://api.github.com/repos/jdx/hk/releases/assets/525632118"

[[tools.node]]
version = "26.7.0"
backend = "core:node"

[tools.node."platforms.linux-arm64"]
checksum = "sha256:925aa6157dd37542d0d7f2e28b7bf61e7b39284411210b0498bc3788db4aef68"
url = "https://nodejs.org/dist/v26.7.0/node-v26.7.0-linux-arm64.tar.gz"

[tools.node."platforms.linux-arm64-musl"]
checksum = "sha256:e650560ab1ecec0eb5845b43b87d6024c87b4e143c3e044cbb607cc135dbaadb"
url = "https://unofficial-builds.nodejs.org/download/release/v26.7.0/node-v26.7.0-linux-arm64-musl.tar.gz"

[tools.node."platforms.linux-x64"]
checksum = "sha256:bd6b6c31e377bad9ad579bed72e5bc11f4c879ac9452ad51d30e646ea3d828df"
url = "https://nodejs.org/dist/v26.7.0/node-v26.7.0-linux-x64.tar.gz"

[tools.node."platforms.linux-x64-baseline"]
checksum = "sha256:bd6b6c31e377bad9ad579bed72e5bc11f4c879ac9452ad51d30e646ea3d828df"
url = "https://nodejs.org/dist/v26.7.0/node-v26.7.0-linux-x64.tar.gz"

[tools.node."platforms.linux-x64-musl"]
checksum = "sha256:84fc4e29e5f86022a40bac50a28a1b9275dd1f32eebbf4db499e2573ff822124"
url = "https://unofficial-builds.nodejs.org/download/release/v26.7.0/node-v26.7.0-linux-x64-musl.tar.gz"

[tools.node."platforms.linux-x64-musl-baseline"]
checksum = "sha256:84fc4e29e5f86022a40bac50a28a1b9275dd1f32eebbf4db499e2573ff822124"
url = "https://unofficial-builds.nodejs.org/download/release/v26.7.0/node-v26.7.0-linux-x64-musl.tar.gz"

[tools.node."platforms.macos-arm64"]
checksum = "sha256:7ee659a7768e641bbfd5360940660b8e8fd0052f77488f365562bac522fc15d4"
url = "https://nodejs.org/dist/v26.7.0/node-v26.7.0-darwin-arm64.tar.gz"

[tools.node."platforms.macos-x64"]
checksum = "sha256:f279d1ed28ce57f7788bf23435d2ad7fdd7438904ad5c4d8a1081a7cde3d4b96"
url = "https://nodejs.org/dist/v26.7.0/node-v26.7.0-darwin-x64.tar.gz"

[tools.node."platforms.windows-x64"]
checksum = "sha256:d3bd72755141ed32bbcd841228ee81897c8a98d50dfa7dae2179399a0a7c90f8"
url = "https://nodejs.org/dist/v26.7.0/node-v26.7.0-win-x64.zip"

[tools.node."platforms.windows-x64-baseline"]
checksum = "sha256:d3bd72755141ed32bbcd841228ee81897c8a98d50dfa7dae2179399a0a7c90f8"
url = "https://nodejs.org/dist/v26.7.0/node-v26.7.0-win-x64.zip"

[[tools.pinact]]
version = "4.1.1"
backend = "aqua:suzuki-shunsuke/pinact"

[tools.pinact."platforms.linux-arm64"]
checksum = "sha256:dd1f29908319ed3e59f9fe6b39196efbb76936357f3bd741cd759a96306ae8d8"
url = "https://github.com/suzuki-shunsuke/pinact/releases/download/v4.1.1/pinact_linux_arm64.tar.gz"
url_api = "https://api.github.com/repos/suzuki-shunsuke/pinact/releases/assets/494702261"
provenance = "github-attestations"

[tools.pinact."platforms.linux-arm64-musl"]
checksum = "sha256:dd1f29908319ed3e59f9fe6b39196efbb76936357f3bd741cd759a96306ae8d8"
url = "https://github.com/suzuki-shunsuke/pinact/releases/download/v4.1.1/pinact_linux_arm64.tar.gz"
url_api = "https://api.github.com/repos/suzuki-shunsuke/pinact/releases/assets/494702261"
provenance = "github-attestations"

[tools.pinact."platforms.linux-x64"]
checksum = "sha256:d1cffebe5704b74e2e5f8a864efb9f7e54768972dc686188c008033fb1797841"
url = "https://github.com/suzuki-shunsuke/pinact/releases/download/v4.1.1/pinact_linux_amd64.tar.gz"
url_api = "https://api.github.com/repos/suzuki-shunsuke/pinact/releases/assets/494702259"
provenance = "github-attestations"

[tools.pinact."platforms.linux-x64-baseline"]
checksum = "sha256:d1cffebe5704b74e2e5f8a864efb9f7e54768972dc686188c008033fb1797841"
url = "https://github.com/suzuki-shunsuke/pinact/releases/download/v4.1.1/pinact_linux_amd64.tar.gz"
url_api = "https://api.github.com/repos/suzuki-shunsuke/pinact/releases/assets/494702259"
provenance = "github-attestations"

[tools.pinact."platforms.linux-x64-musl"]
checksum = "sha256:d1cffebe5704b74e2e5f8a864efb9f7e54768972dc686188c008033fb1797841"
url = "https://github.com/suzuki-shunsuke/pinact/releases/download/v4.1.1/pinact_linux_amd64.tar.gz"
url_api = "https://api.github.com/repos/suzuki-shunsuke/pinact/releases/assets/494702259"
provenance = "github-attestations"

[tools.pinact."platforms.linux-x64-musl-baseline"]
checksum = "sha256:d1cffebe5704b74e2e5f8a864efb9f7e54768972dc686188c008033fb1797841"
url = "https://github.com/suzuki-shunsuke/pinact/releases/download/v4.1.1/pinact_linux_amd64.tar.gz"
url_api = "https://api.github.com/repos/suzuki-shunsuke/pinact/releases/assets/494702259"
provenance = "github-attestations"

[tools.pinact."platforms.macos-arm64"]
checksum = "sha256:c13998c9f0dd09d8973700938aa5f6ac52a1db4e94d4f578d8cc976cda478614"
url = "https://github.com/suzuki-shunsuke/pinact/releases/download/v4.1.1/pinact_darwin_arm64.tar.gz"
url_api = "https://api.github.com/repos/suzuki-shunsuke/pinact/releases/assets/494702257"
provenance = "github-attestations"

[tools.pinact."platforms.macos-x64"]
checksum = "sha256:513678fdb0bb59b2742dd06d28f0ee851496a83ba939954009aa6be53f5aec9c"
url = "https://github.com/suzuki-shunsuke/pinact/releases/download/v4.1.1/pinact_darwin_amd64.tar.gz"
url_api = "https://api.github.com/repos/suzuki-shunsuke/pinact/releases/assets/494702250"
provenance = "github-attestations"

[tools.pinact."platforms.windows-x64"]
checksum = "sha256:88db480a3f8833d7233b482a72c97308df558ebceb0d3214775889239901f6a9"
url = "https://github.com/suzuki-shunsuke/pinact/releases/download/v4.1.1/pinact_windows_amd64.zip"
url_api = "https://api.github.com/repos/suzuki-shunsuke/pinact/releases/assets/494702288"
provenance = "github-attestations"

[tools.pinact."platforms.windows-x64-baseline"]
checksum = "sha256:88db480a3f8833d7233b482a72c97308df558ebceb0d3214775889239901f6a9"
url = "https://github.com/suzuki-shunsuke/pinact/releases/download/v4.1.1/pinact_windows_amd64.zip"
url_api = "https://api.github.com/repos/suzuki-shunsuke/pinact/releases/assets/494702288"
provenance = "github-attestations"

[[tools.rust]]
version = "1.97.1"
backend = "core:rust"

[tools.rust.options]
components = "clippy,rustfmt"
profile = "minimal"

[[tools.typos]]
version = "1.48.0"
backend = "aqua:crate-ci/typos"

[tools.typos."platforms.linux-arm64"]
checksum = "sha256:2960ae07bc1ffe19e4895e4359394dd349c9c31de78aac3a124b6e4aeb206698"
url = "https://github.com/crate-ci/typos/releases/download/v1.48.0/typos-v1.48.0-aarch64-unknown-linux-musl.tar.gz"
url_api = "https://api.github.com/repos/crate-ci/typos/releases/assets/462429655"

[tools.typos."platforms.linux-arm64-musl"]
checksum = "sha256:2960ae07bc1ffe19e4895e4359394dd349c9c31de78aac3a124b6e4aeb206698"
url = "https://github.com/crate-ci/typos/releases/download/v1.48.0/typos-v1.48.0-aarch64-unknown-linux-musl.tar.gz"
url_api = "https://api.github.com/repos/crate-ci/typos/releases/assets/462429655"

[tools.typos."platforms.linux-x64"]
checksum = "sha256:72a930c9a94fc3914aa56835c5b859c892a797d40c1c42638b98d93f16ff519c"
url = "https://github.com/crate-ci/typos/releases/download/v1.48.0/typos-v1.48.0-x86_64-unknown-linux-musl.tar.gz"
url_api = "https://api.github.com/repos/crate-ci/typos/releases/assets/462429902"

[tools.typos."platforms.linux-x64-baseline"]
checksum = "sha256:72a930c9a94fc3914aa56835c5b859c892a797d40c1c42638b98d93f16ff519c"
url = "https://github.com/crate-ci/typos/releases/download/v1.48.0/typos-v1.48.0-x86_64-unknown-linux-musl.tar.gz"
url_api = "https://api.github.com/repos/crate-ci/typos/releases/assets/462429902"

[tools.typos."platforms.linux-x64-musl"]
checksum = "sha256:72a930c9a94fc3914aa56835c5b859c892a797d40c1c42638b98d93f16ff519c"
url = "https://github.com/crate-ci/typos/releases/download/v1.48.0/typos-v1.48.0-x86_64-unknown-linux-musl.tar.gz"
url_api = "https://api.github.com/repos/crate-ci/typos/releases/assets/462429902"

[tools.typos."platforms.linux-x64-musl-baseline"]
checksum = "sha256:72a930c9a94fc3914aa56835c5b859c892a797d40c1c42638b98d93f16ff519c"
url = "https://github.com/crate-ci/typos/releases/download/v1.48.0/typos-v1.48.0-x86_64-unknown-linux-musl.tar.gz"
url_api = "https://api.github.com/repos/crate-ci/typos/releases/assets/462429902"

[tools.typos."platforms.macos-arm64"]
checksum = "sha256:7dcaf386ec255995dcbaf629641f961574b7e8785203921115eab75cbf1ca107"
url = "https://github.com/crate-ci/typos/releases/download/v1.48.0/typos-v1.48.0-aarch64-apple-darwin.tar.gz"
url_api = "https://api.github.com/repos/crate-ci/typos/releases/assets/462430254"

[tools.typos."platforms.macos-x64"]
checksum = "sha256:f4335c255db3d57374484e0e96505c8910c0e2fa6d8813b15de529c98f93b1a9"
url = "https://github.com/crate-ci/typos/releases/download/v1.48.0/typos-v1.48.0-x86_64-apple-darwin.tar.gz"
url_api = "https://api.github.com/repos/crate-ci/typos/releases/assets/462431306"

[tools.typos."platforms.windows-x64"]
checksum = "sha256:ce018a2352da7c1b23bd2684019ee279d2080dc063087020e80c1247d11b0743"
url = "https://github.com/crate-ci/typos/releases/download/v1.48.0/typos-v1.48.0-x86_64-pc-windows-msvc.zip"
url_api = "https://api.github.com/repos/crate-ci/typos/releases/assets/462430871"

[tools.typos."platforms.windows-x64-baseline"]
checksum = "sha256:ce018a2352da7c1b23bd2684019ee279d2080dc063087020e80c1247d11b0743"
url = "https://github.com/crate-ci/typos/releases/download/v1.48.0/typos-v1.48.0-x86_64-pc-windows-msvc.zip"
url_api = "https://api.github.com/repos/crate-ci/typos/releases/assets/462430871"
